// !$*UTF8*$!
{
	archiveVersion = 1;
	classes = {
	};
	objectVersion = 50;
	objects = {

/* Begin PBXBuildFile section */
		CE73CCE820A8F0D50079B6B8 /* MainViewController.swift in Sources */ = {isa = PBXBuildFile; fileRef = CE73CCE720A8F0D50079B6B8 /* MainViewController.swift */; };
		CE73CCEA20A8F1DE0079B6B8 /* SortAlgorithm.swift in Sources */ = {isa = PBXBuildFile; fileRef = CE73CCE920A8F1DE0079B6B8 /* SortAlgorithm.swift */; };
		CED201BA20A447600075CA5B /* AppDelegate.swift in Sources */ = {isa = PBXBuildFile; fileRef = CED201B920A447600075CA5B /* AppDelegate.swift */; };
		CED201BF20A447600075CA5B /* Main.storyboard in Resources */ = {isa = PBXBuildFile; fileRef = CED201BD20A447600075CA5B /* Main.storyboard */; };
		CED201C120A447660075CA5B /* Assets.xcassets in Resources */ = {isa = PBXBuildFile; fileRef = CED201C020A447660075CA5B /* Assets.xcassets */; };
		CED201C420A447660075CA5B /* LaunchScreen.storyboard in Resources */ = {isa = PBXBuildFile; fileRef = CED201C220A447660075CA5B /* LaunchScreen.storyboard */; };
		CED201DB20A451CE0075CA5B /* CellTableView.swift in Sources */ = {isa = PBXBuildFile; fileRef = CED201DA20A451CE0075CA5B /* CellTableView.swift */; };
		CED201DD20A463FB0075CA5B /* SortType.swift in Sources */ = {isa = PBXBuildFile; fileRef = CED201DC20A463FB0075CA5B /* SortType.swift */; };
		CED717D520A4EC2200D7396D /* TimeSorting.swift in Sources */ = {isa = PBXBuildFile; fileRef = CED717D420A4EC2200D7396D /* TimeSorting.swift */; };
/* End PBXBuildFile section */

/* Begin PBXFileReference section */
		CE73CCE720A8F0D50079B6B8 /* MainViewController.swift */ = {isa = PBXFileReference; lastKnownFileType = sourcecode.swift; path = MainViewController.swift; sourceTree = "<group>"; };
		CE73CCE920A8F1DE0079B6B8 /* SortAlgorithm.swift */ = {isa = PBXFileReference; lastKnownFileType = sourcecode.swift; path = SortAlgorithm.swift; sourceTree = "<group>"; };
		CED201B620A447600075CA5B /* Mulan.app */ = {isa = PBXFileReference; explicitFileType = wrapper.application; includeInIndex = 0; path = Mulan.app; sourceTree = BUILT_PRODUCTS_DIR; };
		CED201B920A447600075CA5B /* AppDelegate.swift */ = {isa = PBXFileReference; lastKnownFileType = sourcecode.swift; path = AppDelegate.swift; sourceTree = "<group>"; };
		CED201BE20A447600075CA5B /* Base */ = {isa = PBXFileReference; lastKnownFileType = file.storyboard; name = Base; path = Base.lproj/Main.storyboard; sourceTree = "<group>"; };
		CED201C020A447660075CA5B /* Assets.xcassets */ = {isa = PBXFileReference; lastKnownFileType = folder.assetcatalog; path = Assets.xcassets; sourceTree = "<group>"; };
		CED201C320A447660075CA5B /* Base */ = {isa = PBXFileReference; lastKnownFileType = file.storyboard; name = Base; path = Base.lproj/LaunchScreen.storyboard; sourceTree = "<group>"; };
		CED201C520A447660075CA5B /* Info.plist */ = {isa = PBXFileReference; lastKnownFileType = text.plist.xml; path = Info.plist; sourceTree = "<group>"; };
		CED201DA20A451CE0075CA5B /* CellTableView.swift */ = {isa = PBXFileReference; lastKnownFileType = sourcecode.swift; path = CellTableView.swift; sourceTree = "<group>"; };
		CED201DC20A463FB0075CA5B /* SortType.swift */ = {isa = PBXFileReference; lastKnownFileType = sourcecode.swift; path = SortType.swift; sourceTree = "<group>"; };
		CED717D420A4EC2200D7396D /* TimeSorting.swift */ = {isa = PBXFileReference; lastKnownFileType = sourcecode.swift; path = TimeSorting.swift; sourceTree = "<group>"; };
/* End PBXFileReference section */

/* Begin PBXFrameworksBuildPhase section */
		CED201B320A447600075CA5B /* Frameworks */ = {
			isa = PBXFrameworksBuildPhase;
			buildActionMask = 2147483647;
			files = (
			);
			runOnlyForDeploymentPostprocessing = 0;
		};
/* End PBXFrameworksBuildPhase section */

/* Begin PBXGroup section */
		CED201AD20A447600075CA5B = {
			isa = PBXGroup;
			children = (
				CED201B820A447600075CA5B /* Mulan */,
				CED201CB20A4496E0075CA5B /* Supporting files */,
				CED201B720A447600075CA5B /* Products */,
			);
			sourceTree = "<group>";
		};
		CED201B720A447600075CA5B /* Products */ = {
			isa = PBXGroup;
			children = (
				CED201B620A447600075CA5B /* Mulan.app */,
			);
			name = Products;
			sourceTree = "<group>";
		};
		CED201B820A447600075CA5B /* Mulan */ = {
			isa = PBXGroup;
			children = (
				CED717D620A4F4F300D7396D /* Enum */,
				CED201D720A44C090075CA5B /* Cells */,
				CED201CF20A449DC0075CA5B /* Controllers */,
				CED201CE20A449D30075CA5B /* Models */,
				CED201BD20A447600075CA5B /* Main.storyboard */,
				CED201C520A447660075CA5B /* Info.plist */,
			);
			path = Mulan;
			sourceTree = "<group>";
		};
		CED201CB20A4496E0075CA5B /* Supporting files */ = {
			isa = PBXGroup;
			children = (
				CED201B920A447600075CA5B /* AppDelegate.swift */,
				CED201C020A447660075CA5B /* Assets.xcassets */,
				CED201C220A447660075CA5B /* LaunchScreen.storyboard */,
			);
			path = "Supporting files";
			sourceTree = "<group>";
		};
		CED201CE20A449D30075CA5B /* Models */ = {
			isa = PBXGroup;
			children = (
				CED717D420A4EC2200D7396D /* TimeSorting.swift */,
				CE73CCE920A8F1DE0079B6B8 /* SortAlgorithm.swift */,
			);
			path = Models;
			sourceTree = "<group>";
		};
		CED201CF20A449DC0075CA5B /* Controllers */ = {
			isa = PBXGroup;
			children = (
				CE73CCE720A8F0D50079B6B8 /* MainViewController.swift */,
			);
			path = Controllers;
			sourceTree = "<group>";
		};
		CED201D720A44C090075CA5B /* Cells */ = {
			isa = PBXGroup;
			children = (
				CED201DA20A451CE0075CA5B /* CellTableView.swift */,
			);
			path = Cells;
			sourceTree = "<group>";
		};
		CED717D620A4F4F300D7396D /* Enum */ = {
			isa = PBXGroup;
			children = (
				CED201DC20A463FB0075CA5B /* SortType.swift */,
			);
			path = Enum;
			sourceTree = "<group>";
		};
/* End PBXGroup section */

/* Begin PBXNativeTarget section */
		CED201B520A447600075CA5B /* Mulan */ = {
			isa = PBXNativeTarget;
			buildConfigurationList = CED201C820A447660075CA5B /* Build configuration list for PBXNativeTarget "Mulan" */;
			buildPhases = (
				CED201B220A447600075CA5B /* Sources */,
				CED201B320A447600075CA5B /* Frameworks */,
				CED201B420A447600075CA5B /* Resources */,
			);
			buildRules = (
			);
			dependencies = (
			);
			name = Mulan;
			productName = Mulan;
			productReference = CED201B620A447600075CA5B /* Mulan.app */;
			productType = "com.apple.product-type.application";
		};
/* End PBXNativeTarget section */

/* Begin PBXProject section */
		CED201AE20A447600075CA5B /* Project object */ = {
			isa = PBXProject;
			attributes = {
				LastSwiftUpdateCheck = 0930;
				LastUpgradeCheck = 0930;
				ORGANIZATIONNAME = "Alina Zaitseva";
				TargetAttributes = {
					CED201B520A447600075CA5B = {
						CreatedOnToolsVersion = 9.3;
					};
				};
			};
			buildConfigurationList = CED201B120A447600075CA5B /* Build configuration list for PBXProject "Mulan" */;
			compatibilityVersion = "Xcode 9.3";
			developmentRegion = en;
			hasScannedForEncodings = 0;
			knownRegions = (
				en,
				Base,
			);
			mainGroup = CED201AD20A447600075CA5B;
			productRefGroup = CED201B720A447600075CA5B /* Products */;
			projectDirPath = "";
			projectRoot = "";
			targets = (
				CED201B520A447600075CA5B /* Mulan */,
			);
		};
/* End PBXProject section */

/* Begin PBXResourcesBuildPhase section */
		CED201B420A447600075CA5B /* Resources */ = {
			isa = PBXResourcesBuildPhase;
			buildActionMask = 2147483647;
			files = (
				CED201C420A447660075CA5B /* LaunchScreen.storyboard in Resources */,
				CED201C120A447660075CA5B /* Assets.xcassets in Resources */,
				CED201BF20A447600075CA5B /* Main.storyboard in Resources */,
			);
			runOnlyForDeploymentPostprocessing = 0;
		};
/* End PBXResourcesBuildPhase section */

/* Begin PBXSourcesBuildPhase section */
		CED201B220A447600075CA5B /* Sources */ = {
			isa = PBXSourcesBuildPhase;
			buildActionMask = 2147483647;
			files = (
				CED201DB20A451CE0075CA5B /* CellTableView.swift in Sources */,
				CED201DD20A463FB0075CA5B /* SortType.swift in Sources */,
				CED717D520A4EC2200D7396D /* TimeSorting.swift in Sources */,
				CE73CCE820A8F0D50079B6B8 /* MainViewController.swift in Sources */,
				CED201BA20A447600075CA5B /* AppDelegate.swift in Sources */,
				CE73CCEA20A8F1DE0079B6B8 /* SortAlgorithm.swift in Sources */,
			);
			runOnlyForDeploymentPostprocessing = 0;
		};
/* End PBXSourcesBuildPhase section */

/* Begin PBXVariantGroup section */
		CED201BD20A447600075CA5B /* Main.storyboard */ = {
			isa = PBXVariantGroup;
			children = (
				CED201BE20A447600075CA5B /* Base */,
			);
			name = Main.storyboard;
			sourceTree = "<group>";
		};
		CED201C220A447660075CA5B /* LaunchScreen.storyboard */ = {
			isa = PBXVariantGroup;
			children = (
				CED201C320A447660075CA5B /* Base */,
			);
			name = LaunchScreen.storyboard;
			sourceTree = "<group>";
		};
/* End PBXVariantGroup section */

/* Begin XCBuildConfiguration section */
		CED201C620A447660075CA5B /* Debug */ = {
			isa = XCBuildConfiguration;
			buildSettings = {
				ALWAYS_SEARCH_USER_PATHS = NO;
				CLANG_ANALYZER_NONNULL = YES;
				CLANG_ANALYZER_NUMBER_OBJECT_CONVERSION = YES_AGGRESSIVE;
				CLANG_CXX_LANGUAGE_STANDARD = "gnu++14";
				CLANG_CXX_LIBRARY = "libc++";
				CLANG_ENABLE_MODULES = YES;
				CLANG_ENABLE_OBJC_ARC = YES;
				CLANG_ENABLE_OBJC_WEAK = YES;
				CLANG_WARN_BLOCK_CAPTURE_AUTORELEASING = YES;
				CLANG_WARN_BOOL_CONVERSION = YES;
				CLANG_WARN_COMMA = YES;
				CLANG_WARN_CONSTANT_CONVERSION = YES;
				CLANG_WARN_DEPRECATED_OBJC_IMPLEMENTATIONS = YES;
				CLANG_WARN_DIRECT_OBJC_ISA_USAGE = YES_ERROR;
				CLANG_WARN_DOCUMENTATION_COMMENTS = YES;
				CLANG_WARN_EMPTY_BODY = YES;
				CLANG_WARN_ENUM_CONVERSION = YES;
				CLANG_WARN_INFINITE_RECURSION = YES;
				CLANG_WARN_INT_CONVERSION = YES;
				CLANG_WARN_NON_LITERAL_NULL_CONVERSION = YES;
				CLANG_WARN_OBJC_IMPLICIT_RETAIN_SELF = YES;
				CLANG_WARN_OBJC_LITERAL_CONVERSION = YES;
				CLANG_WARN_OBJC_ROOT_CLASS = YES_ERROR;
				CLANG_WARN_RANGE_LOOP_ANALYSIS = YES;
				CLANG_WARN_STRICT_PROTOTYPES = YES;
				CLANG_WARN_SUSPICIOUS_MOVE = YES;
				CLANG_WARN_UNGUARDED_AVAILABILITY = YES_AGGRESSIVE;
				CLANG_WARN_UNREACHABLE_CODE = YES;
				CLANG_WARN__DUPLICATE_METHOD_MATCH = YES;
				CODE_SIGN_IDENTITY = "iPhone Developer";
				COPY_PHASE_STRIP = NO;
				DEBUG_INFORMATION_FORMAT = dwarf;
				ENABLE_STRICT_OBJC_MSGSEND = YES;
				ENABLE_TESTABILITY = YES;
				GCC_C_LANGUAGE_STANDARD = gnu11;
				GCC_DYNAMIC_NO_PIC = NO;
				GCC_NO_COMMON_BLOCKS = YES;
				GCC_OPTIMIZATION_LEVEL = 0;
				GCC_PREPROCESSOR_DEFINITIONS = (
					"DEBUG=1",
					"$(inherited)",
				);
				GCC_WARN_64_TO_32_BIT_CONVERSION = YES;
				GCC_WARN_ABOUT_RETURN_TYPE = YES_ERROR;
				GCC_WARN_UNDECLARED_SELECTOR = YES;
				GCC_WARN_UNINITIALIZED_AUTOS = YES_AGGRESSIVE;
				GCC_WARN_UNUSED_FUNCTION = YES;
				GCC_WARN_UNUSED_VARIABLE = YES;
				IPHONEOS_DEPLOYMENT_TARGET = 11.3;
				MTL_ENABLE_DEBUG_INFO = YES;
				ONLY_ACTIVE_ARCH = YES;
				SDKROOT = iphoneos;
				SWIFT_ACTIVE_COMPILATION_CONDITIONS = DEBUG;
				SWIFT_OPTIMIZATION_LEVEL = "-Onone";
			};
			name = Debug;
		};
		CED201C720A447660075CA5B /* Release */ = {
			isa = XCBuildConfiguration;
			buildSettings = {
				ALWAYS_SEARCH_USER_PATHS = NO;
				CLANG_ANALYZER_NONNULL = YES;
				CLANG_ANALYZER_NUMBER_OBJECT_CONVERSION = YES_AGGRESSIVE;
				CLANG_CXX_LANGUAGE_STANDARD = "gnu++14";
				CLANG_CXX_LIBRARY = "libc++";
				CLANG_ENABLE_MODULES = YES;
				CLANG_ENABLE_OBJC_ARC = YES;
				CLANG_ENABLE_OBJC_WEAK = YES;
				CLANG_WARN_BLOCK_CAPTURE_AUTORELEASING = YES;
				CLANG_WARN_BOOL_CONVERSION = YES;
				CLANG_WARN_COMMA = YES;
				CLANG_WARN_CONSTANT_CONVERSION = YES;
				CLANG_WARN_DEPRECATED_OBJC_IMPLEMENTATIONS = YES;
				CLANG_WARN_DIRECT_OBJC_ISA_USAGE = YES_ERROR;
				CLANG_WARN_DOCUMENTATION_COMMENTS = YES;
				CLANG_WARN_EMPTY_BODY = YES;
				CLANG_WARN_ENUM_CONVERSION = YES;
				CLANG_WARN_INFINITE_RECURSION = YES;
				CLANG_WARN_INT_CONVERSION = YES;
				CLANG_WARN_NON_LITERAL_NULL_CONVERSION = YES;
				CLANG_WARN_OBJC_IMPLICIT_RETAIN_SELF = YES;
				CLANG_WARN_OBJC_LITERAL_CONVERSION = YES;
				CLANG_WARN_OBJC_ROOT_CLASS = YES_ERROR;
				CLANG_WARN_RANGE_LOOP_ANALYSIS = YES;
				CLANG_WARN_STRICT_PROTOTYPES = YES;
				CLANG_WARN_SUSPICIOUS_MOVE = YES;
				CLANG_WARN_UNGUARDED_AVAILABILITY = YES_AGGRESSIVE;
				CLANG_WARN_UNREACHABLE_CODE = YES;
				CLANG_WARN__DUPLICATE_METHOD_MATCH = YES;
				CODE_SIGN_IDENTITY = "iPhone Developer";
				COPY_PHASE_STRIP = NO;
				DEBUG_INFORMATION_FORMAT = "dwarf-with-dsym";
				ENABLE_NS_ASSERTIONS = NO;
				ENABLE_STRICT_OBJC_MSGSEND = YES;
				GCC_C_LANGUAGE_STANDARD = gnu11;
				GCC_NO_COMMON_BLOCKS = YES;
				GCC_WARN_64_TO_32_BIT_CONVERSION = YES;
				GCC_WARN_ABOUT_RETURN_TYPE = YES_ERROR;
				GCC_WARN_UNDECLARED_SELECTOR = YES;
				GCC_WARN_UNINITIALIZED_AUTOS = YES_AGGRESSIVE;
				GCC_WARN_UNUSED_FUNCTION = YES;
				GCC_WARN_UNUSED_VARIABLE = YES;
				IPHONEOS_DEPLOYMENT_TARGET = 11.3;
				MTL_ENABLE_DEBUG_INFO = NO;
				SDKROOT = iphoneos;
				SWIFT_COMPILATION_MODE = wholemodule;
				SWIFT_OPTIMIZATION_LEVEL = "-O";
				VALIDATE_PRODUCT = YES;
			};
			name = Release;
		};
		CED201C920A447660075CA5B /* Debug */ = {
			isa = XCBuildConfiguration;
			buildSettings = {
				ASSETCATALOG_COMPILER_APPICON_NAME = AppIcon;
				CODE_SIGN_STYLE = Automatic;
				INFOPLIST_FILE = Mulan/Info.plist;
				LD_RUNPATH_SEARCH_PATHS = (
					"$(inherited)",
					"@executable_path/Frameworks",
				);
				PRODUCT_BUNDLE_IDENTIFIER = "Task-7.Mulan";
				PRODUCT_NAME = "$(TARGET_NAME)";
				SWIFT_VERSION = 4.0;
				TARGETED_DEVICE_FAMILY = "1,2";
			};
			name = Debug;
		};
		CED201CA20A447660075CA5B /* Release */ = {
			isa = XCBuildConfiguration;
			buildSettings = {
				ASSETCATALOG_COMPILER_APPICON_NAME = AppIcon;
				CODE_SIGN_STYLE = Automatic;
				INFOPLIST_FILE = Mulan/Info.plist;
				LD_RUNPATH_SEARCH_PATHS = (
					"$(inherited)",
					"@executable_path/Frameworks",
				);
				PRODUCT_BUNDLE_IDENTIFIER = "Task-7.Mulan";
				PRODUCT_NAME = "$(TARGET_NAME)";
				SWIFT_VERSION = 4.0;
				TARGETED_DEVICE_FAMILY = "1,2";
			};
			name = Release;
		};
/* End XCBuildConfiguration section */

/* Begin XCConfigurationList section */
		CED201B120A447600075CA5B /* Build configuration list for PBXProject "Mulan" */ = {
			isa = XCConfigurationList;
			buildConfigurations = (
				CED201C620A447660075CA5B /* Debug */,
				CED201C720A447660075CA5B /* Release */,
			);
			defaultConfigurationIsVisible = 0;
			defaultConfigurationName = Release;
		};
		CED201C820A447660075CA5B /* Build configuration list for PBXNativeTarget "Mulan" */ = {
			isa = XCConfigurationList;
			buildConfigurations = (
				CED201C920A447660075CA5B /* Debug */,
				CED201CA20A447660075CA5B /* Release */,
			);
			defaultConfigurationIsVisible = 0;
			defaultConfigurationName = Release;
		};
/* End XCConfigurationList section */
	};
	rootObject = CED201AE20A447600075CA5B /* Project object */;
}
